// !$*UTF8*$!
{
	archiveVersion = 1;
	classes = {
	};
	objectVersion = 71;
	objects = {

/* Begin PBXBuildFile section */
		AH0000000000000000000001 /* MealExpandableRow.swift in Sources */ = {isa = PBXBuildFile; fileRef = BH0000000000000000000001; };
		AH0000000000000000000002 /* NativeInlineMealPreviews.swift in Sources */ = {isa = PBXBuildFile; fileRef = BH0000000000000000000002; };
		AH0000000000000000000003 /* InlineMealPresentationTests.swift in Sources */ = {isa = PBXBuildFile; fileRef = BH0000000000000000000003; };
		AG0000000000000000000001 /* TodayMealEntryButton.swift in Sources */ = {isa = PBXBuildFile; fileRef = BG0000000000000000000001; };
		AG0000000000000000000002 /* NativeMealEntryPreviews.swift in Sources */ = {isa = PBXBuildFile; fileRef = BG0000000000000000000002; };
		AG0000000000000000000003 /* NativeMealEntryPreviewTests.swift in Sources */ = {isa = PBXBuildFile; fileRef = BG0000000000000000000003; };
		AG0000000000000000000004 /* NativeFoodMenuRow.swift in Sources */ = {isa = PBXBuildFile; fileRef = BG0000000000000000000004; };
		AF0000000000000000000001 /* NativeNavigationUITests.swift in Sources */ = {isa = PBXBuildFile; fileRef = BF0000000000000000000001; };
		AE0000000000000000000001 /* AppTab.swift in Sources */ = {isa = PBXBuildFile; fileRef = BE0000000000000000000001; };
		AE0000000000000000000002 /* TodayView.swift in Sources */ = {isa = PBXBuildFile; fileRef = BE0000000000000000000002; };
		AE0000000000000000000003 /* LabelScannerView.swift in Sources */ = {isa = PBXBuildFile; fileRef = BE0000000000000000000003; };
		AE0000000000000000000004 /* NutritionCalendarView.swift in Sources */ = {isa = PBXBuildFile; fileRef = BE0000000000000000000004; };
		AE0000000000000000000005 /* SettingsView.swift in Sources */ = {isa = PBXBuildFile; fileRef = BE0000000000000000000005; };
		AE0000000000000000000006 /* NativeShellPreviews.swift in Sources */ = {isa = PBXBuildFile; fileRef = BE0000000000000000000006; };
		AE0000000000000000000007 /* NativeNavigationTests.swift in Sources */ = {isa = PBXBuildFile; fileRef = BE0000000000000000000007; };
		AD0000000000000000000001 /* Evenfare.icon in Resources */ = {isa = PBXBuildFile; fileRef = BD0000000000000000000001 /* Evenfare.icon */; };
		AC0000000000000000000001 /* InfoPlist.strings in Resources */ = {isa = PBXBuildFile; fileRef = DC0000000000000000000001 /* InfoPlist.strings */; };
		AC0000000000000000000002 /* BrandLocalizationTests.swift in Sources */ = {isa = PBXBuildFile; fileRef = BC0000000000000000000003 /* BrandLocalizationTests.swift */; };
		AB0000000000000000000001 /* DesignTokens.swift in Sources */ = {isa = PBXBuildFile; fileRef = BB0000000000000000000001; };
		AB0000000000000000000002 /* EnergyRingArc.swift in Sources */ = {isa = PBXBuildFile; fileRef = BB0000000000000000000002; };
		AB0000000000000000000003 /* EnergyRingEndpoint.swift in Sources */ = {isa = PBXBuildFile; fileRef = BB0000000000000000000003; };
		AB0000000000000000000004 /* EnergyRingPresentation.swift in Sources */ = {isa = PBXBuildFile; fileRef = BB0000000000000000000004; };
		AB0000000000000000000005 /* EnergyRingValue.swift in Sources */ = {isa = PBXBuildFile; fileRef = BB0000000000000000000005; };
		AB0000000000000000000006 /* TodayStatusPreview.swift in Sources */ = {isa = PBXBuildFile; fileRef = BB0000000000000000000006; };
		AB0000000000000000000007 /* UI1PreviewScenario.swift in Sources */ = {isa = PBXBuildFile; fileRef = BB0000000000000000000007; };
		AB0000000000000000000008 /* Assets.xcassets in Resources */ = {isa = PBXBuildFile; fileRef = BB0000000000000000000008; };
		AB0000000000000000000009 /* EnergyRingPresentationTests.swift in Sources */ = {isa = PBXBuildFile; fileRef = BB0000000000000000000009; };
		AB000000000000000000000A /* UI1NativePreviewTests.swift in Sources */ = {isa = PBXBuildFile; fileRef = BB000000000000000000000A; };
		AA0000000000000000000001 /* FormDismissalGuard.swift in Sources */ = {isa = PBXBuildFile; fileRef = BA0000000000000000000001 /* FormDismissalGuard.swift */; };
		AA0000000000000000000002 /* FormDraftSnapshot.swift in Sources */ = {isa = PBXBuildFile; fileRef = BA0000000000000000000002 /* FormDraftSnapshot.swift */; };
		AA0000000000000000000003 /* MealFormComponentDraft.swift in Sources */ = {isa = PBXBuildFile; fileRef = BA0000000000000000000003 /* MealFormComponentDraft.swift */; };
		AA0000000000000000000004 /* FormDismissalGuardTests.swift in Sources */ = {isa = PBXBuildFile; fileRef = BA0000000000000000000004 /* FormDismissalGuardTests.swift */; };
		AA0000000000000000000005 /* MealFormComponentDraftTests.swift in Sources */ = {isa = PBXBuildFile; fileRef = BA0000000000000000000005 /* MealFormComponentDraftTests.swift */; };
		A90000000000000000000006 /* TodayMealSummaryTests.swift in Sources */ = {isa = PBXBuildFile; fileRef = B90000000000000000000006 /* TodayMealSummaryTests.swift */; };
		A90000000000000000000001 /* TodayDateContext.swift in Sources */ = {isa = PBXBuildFile; fileRef = B90000000000000000000001 /* TodayDateContext.swift */; };
		A90000000000000000000002 /* TodayDateContextTests.swift in Sources */ = {isa = PBXBuildFile; fileRef = B90000000000000000000002 /* TodayDateContextTests.swift */; };
		A90000000000000000000003 /* MealIntakeAvailability.swift in Sources */ = {isa = PBXBuildFile; fileRef = B90000000000000000000003 /* MealIntakeAvailability.swift */; };
		A90000000000000000000004 /* EmptyIntakeSummaryView.swift in Sources */ = {isa = PBXBuildFile; fileRef = B90000000000000000000004 /* EmptyIntakeSummaryView.swift */; };
		A90000000000000000000005 /* MealIntakeAvailabilityTests.swift in Sources */ = {isa = PBXBuildFile; fileRef = B90000000000000000000005 /* MealIntakeAvailabilityTests.swift */; };
		A80000000000000000000001 /* LocalStorePathValidator.swift in Sources */ = {isa = PBXBuildFile; fileRef = B80000000000000000000001 /* LocalStorePathValidator.swift */; };
		A80000000000000000000002 /* LocalStorePathValidatorTests.swift in Sources */ = {isa = PBXBuildFile; fileRef = B80000000000000000000002 /* LocalStorePathValidatorTests.swift */; };
		A70000000000000000000001 /* FibreSummaryRow.swift in Sources */ = {isa = PBXBuildFile; fileRef = B70000000000000000000001 /* FibreSummaryRow.swift */; };
		A70000000000000000000002 /* FibreSummaryIntegrationTests.swift in Sources */ = {isa = PBXBuildFile; fileRef = B70000000000000000000002 /* FibreSummaryIntegrationTests.swift */; };
		A60000000000000000000001 /* NutritionProgressPresentation.swift in Sources */ = {isa = PBXBuildFile; fileRef = B60000000000000000000001 /* NutritionProgressPresentation.swift */; };
		A60000000000000000000002 /* NutritionProgressPresentationTests.swift in Sources */ = {isa = PBXBuildFile; fileRef = B60000000000000000000002 /* NutritionProgressPresentationTests.swift */; };
		A50000000000000000000001 /* GoalSettingsView.swift in Sources */ = {isa = PBXBuildFile; fileRef = B50000000000000000000001 /* GoalSettingsView.swift */; };
		A50000000000000000000002 /* GoalSaveCommand.swift in Sources */ = {isa = PBXBuildFile; fileRef = B50000000000000000000002 /* GoalSaveCommand.swift */; };
		A50000000000000000000003 /* GoalSaveCommandTests.swift in Sources */ = {isa = PBXBuildFile; fileRef = B50000000000000000000003 /* GoalSaveCommandTests.swift */; };
		A40000000000000000000001 /* MealReadValidation.swift in Sources */ = {isa = PBXBuildFile; fileRef = B40000000000000000000001 /* MealReadValidation.swift */; };
		A40000000000000000000002 /* MealReadValidationTests.swift in Sources */ = {isa = PBXBuildFile; fileRef = B40000000000000000000002 /* MealReadValidationTests.swift */; };
		A40000000000000000000003 /* DomainBoundaryPersistenceTests.swift in Sources */ = {isa = PBXBuildFile; fileRef = B40000000000000000000003 /* DomainBoundaryPersistenceTests.swift */; };
		A30000000000000000000008 /* BackupImportReaderTests.swift in Sources */ = {isa = PBXBuildFile; fileRef = B30000000000000000000008 /* BackupImportReaderTests.swift */; };
		A30000000000000000000001 /* LocalStoreBootstrap.swift in Sources */ = {isa = PBXBuildFile; fileRef = B30000000000000000000001 /* LocalStoreBootstrap.swift */; };
		A30000000000000000000002 /* StoreSchemaCompatibility.swift in Sources */ = {isa = PBXBuildFile; fileRef = B30000000000000000000002 /* StoreSchemaCompatibility.swift */; };
		A30000000000000000000003 /* ShiHengMigrationPlan.swift in Sources */ = {isa = PBXBuildFile; fileRef = B30000000000000000000003 /* ShiHengMigrationPlan.swift */; };
		A30000000000000000000004 /* StoreBootstrapTests.swift in Sources */ = {isa = PBXBuildFile; fileRef = B30000000000000000000004 /* StoreBootstrapTests.swift */; };
		A30000000000000000000005 /* StoreRecoveryView.swift in Sources */ = {isa = PBXBuildFile; fileRef = B30000000000000000000005 /* StoreRecoveryView.swift */; };
		A30000000000000000000006 /* StoreBootstrapEnvironment.swift in Sources */ = {isa = PBXBuildFile; fileRef = B30000000000000000000006 /* StoreBootstrapEnvironment.swift */; };
		A30000000000000000000007 /* BackupImportReader.swift in Sources */ = {isa = PBXBuildFile; fileRef = B30000000000000000000007 /* BackupImportReader.swift */; };
		7C70F41F3070297A0089CDBC /* VersionedSchemaV1.swift in Sources */ = {isa = PBXBuildFile; fileRef = 7C70F41E3070297A0089CDBC /* VersionedSchemaV1.swift */; };
		7C70F42230702A5B0089CDBC /* PersistenceModelTests.swift in Sources */ = {isa = PBXBuildFile; fileRef = 7C70F421307029DC0089CDBC /* PersistenceModelTests.swift */; };
		7C70F42D30702A5B0089CDBC /* FoodDecisionCore in Frameworks */ = {isa = PBXBuildFile; productRef = F00000000000000000000005 /* FoodDecisionCore */; };
		A10000000000000000000001 /* SeedFoodCatalog.swift in Sources */ = {isa = PBXBuildFile; fileRef = B10000000000000000000001 /* SeedFoodCatalog.swift */; };
		A10000000000000000000002 /* MealEntryView.swift in Sources */ = {isa = PBXBuildFile; fileRef = B10000000000000000000002 /* MealEntryView.swift */; };
		A10000000000000000000003 /* TodayStatusCard.swift in Sources */ = {isa = PBXBuildFile; fileRef = B10000000000000000000003 /* TodayStatusCard.swift */; };
		A10000000000000000000004 /* EnergyProgressRing.swift in Sources */ = {isa = PBXBuildFile; fileRef = B10000000000000000000004 /* EnergyProgressRing.swift */; };
		A10000000000000000000005 /* NutritionProgressRow.swift in Sources */ = {isa = PBXBuildFile; fileRef = B10000000000000000000005 /* NutritionProgressRow.swift */; };
		A10000000000000000000006 /* MealHistoryView.swift in Sources */ = {isa = PBXBuildFile; fileRef = B10000000000000000000006 /* MealHistoryView.swift */; };
		A10000000000000000000007 /* MealTemplatePersistence.swift in Sources */ = {isa = PBXBuildFile; fileRef = B10000000000000000000007 /* MealTemplatePersistence.swift */; };
		A10000000000000000000008 /* MealStartView.swift in Sources */ = {isa = PBXBuildFile; fileRef = B10000000000000000000008 /* MealStartView.swift */; };
		A10000000000000000000009 /* MealTemplateEditorView.swift in Sources */ = {isa = PBXBuildFile; fileRef = B10000000000000000000009 /* MealTemplateEditorView.swift */; };
		A1000000000000000000000A /* MealTemplateManagerView.swift in Sources */ = {isa = PBXBuildFile; fileRef = B1000000000000000000000A /* MealTemplateManagerView.swift */; };
		A20000000000000000000001 /* LocalStoreBackup.swift in Sources */ = {isa = PBXBuildFile; fileRef = B20000000000000000000001 /* LocalStoreBackup.swift */; };
		A20000000000000000000002 /* BackupFileDocument.swift in Sources */ = {isa = PBXBuildFile; fileRef = B20000000000000000000002 /* BackupFileDocument.swift */; };
		A20000000000000000000003 /* BackupManagementView.swift in Sources */ = {isa = PBXBuildFile; fileRef = B20000000000000000000003 /* BackupManagementView.swift */; };
		A20000000000000000000004 /* BackupServiceTests.swift in Sources */ = {isa = PBXBuildFile; fileRef = B20000000000000000000004 /* BackupServiceTests.swift */; };
		A20000000000000000000005 /* LocalStoreBackupService.swift in Sources */ = {isa = PBXBuildFile; fileRef = B20000000000000000000005 /* LocalStoreBackupService.swift */; };
		A20000000000000000000006 /* LocalStoreBackupRestoration.swift in Sources */ = {isa = PBXBuildFile; fileRef = B20000000000000000000006 /* LocalStoreBackupRestoration.swift */; };
		A00000000000000000000001 /* FoodDecisionAssistantApp.swift in Sources */ = {isa = PBXBuildFile; fileRef = B00000000000000000000001 /* FoodDecisionAssistantApp.swift */; };
		A00000000000000000000002 /* ContentView.swift in Sources */ = {isa = PBXBuildFile; fileRef = B00000000000000000000002 /* ContentView.swift */; };
		A00000000000000000000003 /* FoodDecisionCore in Frameworks */ = {isa = PBXBuildFile; productRef = F00000000000000000000002 /* FoodDecisionCore */; };
/* End PBXBuildFile section */

/* Begin PBXContainerItemProxy section */
		CF0000000000000000000001 /* PBXContainerItemProxy */ = {
			isa = PBXContainerItemProxy;
			containerPortal = F00000000000000000000001 /* Project object */;
			proxyType = 1;
			remoteGlobalIDString = E00000000000000000000001;
			remoteInfo = FoodDecisionAssistant;
		};
		7C70F42430702A5B0089CDBC /* PBXContainerItemProxy */ = {
			isa = PBXContainerItemProxy;
			containerPortal = F00000000000000000000001 /* Project object */;
			proxyType = 1;
			remoteGlobalIDString = E00000000000000000000001;
			remoteInfo = FoodDecisionAssistant;
		};
/* End PBXContainerItemProxy section */

/* Begin PBXFileReference section */
		BH0000000000000000000001 /* MealExpandableRow.swift */ = {isa = PBXFileReference; lastKnownFileType = sourcecode.swift; path = MealExpandableRow.swift; sourceTree = "<group>"; };
		BH0000000000000000000002 /* NativeInlineMealPreviews.swift */ = {isa = PBXFileReference; lastKnownFileType = sourcecode.swift; path = NativeInlineMealPreviews.swift; sourceTree = "<group>"; };
		BH0000000000000000000003 /* InlineMealPresentationTests.swift */ = {isa = PBXFileReference; lastKnownFileType = sourcecode.swift; path = App/InlineMealPresentationTests.swift; sourceTree = "<group>"; };
		BG0000000000000000000001 /* TodayMealEntryButton.swift */ = {isa = PBXFileReference; lastKnownFileType = sourcecode.swift; path = TodayMealEntryButton.swift; sourceTree = "<group>"; };
		BG0000000000000000000002 /* NativeMealEntryPreviews.swift */ = {isa = PBXFileReference; lastKnownFileType = sourcecode.swift; path = NativeMealEntryPreviews.swift; sourceTree = "<group>"; };
		BG0000000000000000000003 /* NativeMealEntryPreviewTests.swift */ = {isa = PBXFileReference; lastKnownFileType = sourcecode.swift; path = App/NativeMealEntryPreviewTests.swift; sourceTree = "<group>"; };
		BG0000000000000000000004 /* NativeFoodMenuRow.swift */ = {isa = PBXFileReference; lastKnownFileType = sourcecode.swift; path = NativeFoodMenuRow.swift; sourceTree = "<group>"; };
		BF0000000000000000000001 /* NativeNavigationUITests.swift */ = {isa = PBXFileReference; lastKnownFileType = sourcecode.swift; path = NativeNavigationUITests.swift; sourceTree = "<group>"; };
		BF0000000000000000000002 /* FoodDecisionAssistantUITests.xctest */ = {isa = PBXFileReference; explicitFileType = wrapper.cfbundle; includeInIndex = 0; path = FoodDecisionAssistantUITests.xctest; sourceTree = BUILT_PRODUCTS_DIR; };
		BE0000000000000000000001 /* AppTab.swift */ = {isa = PBXFileReference; lastKnownFileType = sourcecode.swift; path = AppTab.swift; sourceTree = "<group>"; };
		BE0000000000000000000002 /* TodayView.swift */ = {isa = PBXFileReference; lastKnownFileType = sourcecode.swift; path = TodayView.swift; sourceTree = "<group>"; };
		BE0000000000000000000003 /* LabelScannerView.swift */ = {isa = PBXFileReference; lastKnownFileType = sourcecode.swift; path = LabelScannerView.swift; sourceTree = "<group>"; };
		BE0000000000000000000004 /* NutritionCalendarView.swift */ = {isa = PBXFileReference; lastKnownFileType = sourcecode.swift; path = NutritionCalendarView.swift; sourceTree = "<group>"; };
		BE0000000000000000000005 /* SettingsView.swift */ = {isa = PBXFileReference; lastKnownFileType = sourcecode.swift; path = SettingsView.swift; sourceTree = "<group>"; };
		BE0000000000000000000006 /* NativeShellPreviews.swift */ = {isa = PBXFileReference; lastKnownFileType = sourcecode.swift; path = NativeShellPreviews.swift; sourceTree = "<group>"; };
		BE0000000000000000000007 /* NativeNavigationTests.swift */ = {isa = PBXFileReference; lastKnownFileType = sourcecode.swift; path = App/NativeNavigationTests.swift; sourceTree = "<group>"; };
		BD0000000000000000000001 /* Evenfare.icon */ = {isa = PBXFileReference; lastKnownFileType = folder.iconcomposer.icon; path = "design/brand/icon-a/Evenfare.icon"; sourceTree = SOURCE_ROOT; };
		BC0000000000000000000001 /* en */ = {isa = PBXFileReference; lastKnownFileType = text.plist.strings; name = en; path = en.lproj/InfoPlist.strings; sourceTree = "<group>"; };
		BC0000000000000000000002 /* zh-Hans */ = {isa = PBXFileReference; lastKnownFileType = text.plist.strings; name = "zh-Hans"; path = "zh-Hans.lproj/InfoPlist.strings"; sourceTree = "<group>"; };
		BC0000000000000000000003 /* BrandLocalizationTests.swift */ = {isa = PBXFileReference; lastKnownFileType = sourcecode.swift; path = App/BrandLocalizationTests.swift; sourceTree = "<group>"; };
		BB0000000000000000000001 /* DesignTokens.swift */ = {isa = PBXFileReference; lastKnownFileType = sourcecode.swift; path = DesignTokens.swift; sourceTree = "<group>"; };
		BB0000000000000000000002 /* EnergyRingArc.swift */ = {isa = PBXFileReference; lastKnownFileType = sourcecode.swift; path = EnergyRingArc.swift; sourceTree = "<group>"; };
		BB0000000000000000000003 /* EnergyRingEndpoint.swift */ = {isa = PBXFileReference; lastKnownFileType = sourcecode.swift; path = EnergyRingEndpoint.swift; sourceTree = "<group>"; };
		BB0000000000000000000004 /* EnergyRingPresentation.swift */ = {isa = PBXFileReference; lastKnownFileType = sourcecode.swift; path = EnergyRingPresentation.swift; sourceTree = "<group>"; };
		BB0000000000000000000005 /* EnergyRingValue.swift */ = {isa = PBXFileReference; lastKnownFileType = sourcecode.swift; path = EnergyRingValue.swift; sourceTree = "<group>"; };
		BB0000000000000000000006 /* TodayStatusPreview.swift */ = {isa = PBXFileReference; lastKnownFileType = sourcecode.swift; path = TodayStatusPreview.swift; sourceTree = "<group>"; };
		BB0000000000000000000007 /* UI1PreviewScenario.swift */ = {isa = PBXFileReference; lastKnownFileType = sourcecode.swift; path = UI1PreviewScenario.swift; sourceTree = "<group>"; };
		BB0000000000000000000008 /* Assets.xcassets */ = {isa = PBXFileReference; lastKnownFileType = folder.assetcatalog; path = Assets.xcassets; sourceTree = "<group>"; };
		BB0000000000000000000009 /* EnergyRingPresentationTests.swift */ = {isa = PBXFileReference; lastKnownFileType = sourcecode.swift; path = App/EnergyRingPresentationTests.swift; sourceTree = "<group>"; };
		BB000000000000000000000A /* UI1NativePreviewTests.swift */ = {isa = PBXFileReference; lastKnownFileType = sourcecode.swift; path = App/UI1NativePreviewTests.swift; sourceTree = "<group>"; };
		BA0000000000000000000001 /* FormDismissalGuard.swift */ = {isa = PBXFileReference; lastKnownFileType = sourcecode.swift; path = FormDismissalGuard.swift; sourceTree = "<group>"; };
		BA0000000000000000000002 /* FormDraftSnapshot.swift */ = {isa = PBXFileReference; lastKnownFileType = sourcecode.swift; path = FormDraftSnapshot.swift; sourceTree = "<group>"; };
		BA0000000000000000000003 /* MealFormComponentDraft.swift */ = {isa = PBXFileReference; lastKnownFileType = sourcecode.swift; path = MealFormComponentDraft.swift; sourceTree = "<group>"; };
		BA0000000000000000000004 /* FormDismissalGuardTests.swift */ = {isa = PBXFileReference; lastKnownFileType = sourcecode.swift; path = App/FormDismissalGuardTests.swift; sourceTree = "<group>"; };
		BA0000000000000000000005 /* MealFormComponentDraftTests.swift */ = {isa = PBXFileReference; lastKnownFileType = sourcecode.swift; path = App/MealFormComponentDraftTests.swift; sourceTree = "<group>"; };
		B90000000000000000000006 /* TodayMealSummaryTests.swift */ = {isa = PBXFileReference; lastKnownFileType = sourcecode.swift; path = App/TodayMealSummaryTests.swift; sourceTree = "<group>"; };
		B90000000000000000000001 /* TodayDateContext.swift */ = {isa = PBXFileReference; lastKnownFileType = sourcecode.swift; path = TodayDateContext.swift; sourceTree = "<group>"; };
		B90000000000000000000002 /* TodayDateContextTests.swift */ = {isa = PBXFileReference; lastKnownFileType = sourcecode.swift; path = App/TodayDateContextTests.swift; sourceTree = "<group>"; };
		B90000000000000000000003 /* MealIntakeAvailability.swift */ = {isa = PBXFileReference; lastKnownFileType = sourcecode.swift; path = MealIntakeAvailability.swift; sourceTree = "<group>"; };
		B90000000000000000000004 /* EmptyIntakeSummaryView.swift */ = {isa = PBXFileReference; lastKnownFileType = sourcecode.swift; path = EmptyIntakeSummaryView.swift; sourceTree = "<group>"; };
		B90000000000000000000005 /* MealIntakeAvailabilityTests.swift */ = {isa = PBXFileReference; lastKnownFileType = sourcecode.swift; path = App/MealIntakeAvailabilityTests.swift; sourceTree = "<group>"; };
		B80000000000000000000001 /* LocalStorePathValidator.swift */ = {isa = PBXFileReference; lastKnownFileType = sourcecode.swift; path = LocalStorePathValidator.swift; sourceTree = "<group>"; };
		B80000000000000000000002 /* LocalStorePathValidatorTests.swift */ = {isa = PBXFileReference; lastKnownFileType = sourcecode.swift; path = LocalStorePathValidatorTests.swift; sourceTree = "<group>"; };
		B70000000000000000000001 /* FibreSummaryRow.swift */ = {isa = PBXFileReference; lastKnownFileType = sourcecode.swift; path = FibreSummaryRow.swift; sourceTree = "<group>"; };
		B70000000000000000000002 /* FibreSummaryIntegrationTests.swift */ = {isa = PBXFileReference; lastKnownFileType = sourcecode.swift; path = FibreSummaryIntegrationTests.swift; sourceTree = "<group>"; };
		B60000000000000000000001 /* NutritionProgressPresentation.swift */ = {isa = PBXFileReference; lastKnownFileType = sourcecode.swift; path = NutritionProgressPresentation.swift; sourceTree = "<group>"; };
		B60000000000000000000002 /* NutritionProgressPresentationTests.swift */ = {isa = PBXFileReference; lastKnownFileType = sourcecode.swift; path = NutritionProgressPresentationTests.swift; sourceTree = "<group>"; };
		B50000000000000000000001 /* GoalSettingsView.swift */ = {isa = PBXFileReference; lastKnownFileType = sourcecode.swift; path = GoalSettingsView.swift; sourceTree = "<group>"; };
		B50000000000000000000002 /* GoalSaveCommand.swift */ = {isa = PBXFileReference; lastKnownFileType = sourcecode.swift; path = GoalSaveCommand.swift; sourceTree = "<group>"; };
		B50000000000000000000003 /* GoalSaveCommandTests.swift */ = {isa = PBXFileReference; lastKnownFileType = sourcecode.swift; path = GoalSaveCommandTests.swift; sourceTree = "<group>"; };
		B40000000000000000000001 /* MealReadValidation.swift */ = {isa = PBXFileReference; lastKnownFileType = sourcecode.swift; path = MealReadValidation.swift; sourceTree = "<group>"; };
		B40000000000000000000002 /* MealReadValidationTests.swift */ = {isa = PBXFileReference; lastKnownFileType = sourcecode.swift; path = MealReadValidationTests.swift; sourceTree = "<group>"; };
		B40000000000000000000003 /* DomainBoundaryPersistenceTests.swift */ = {isa = PBXFileReference; lastKnownFileType = sourcecode.swift; path = DomainBoundaryPersistenceTests.swift; sourceTree = "<group>"; };
		B30000000000000000000008 /* BackupImportReaderTests.swift */ = {isa = PBXFileReference; lastKnownFileType = sourcecode.swift; path = BackupImportReaderTests.swift; sourceTree = "<group>"; };
		B30000000000000000000001 /* LocalStoreBootstrap.swift */ = {isa = PBXFileReference; lastKnownFileType = sourcecode.swift; path = LocalStoreBootstrap.swift; sourceTree = "<group>"; };
		B30000000000000000000002 /* StoreSchemaCompatibility.swift */ = {isa = PBXFileReference; lastKnownFileType = sourcecode.swift; path = StoreSchemaCompatibility.swift; sourceTree = "<group>"; };
		B30000000000000000000003 /* ShiHengMigrationPlan.swift */ = {isa = PBXFileReference; lastKnownFileType = sourcecode.swift; path = ShiHengMigrationPlan.swift; sourceTree = "<group>"; };
		B30000000000000000000004 /* StoreBootstrapTests.swift */ = {isa = PBXFileReference; lastKnownFileType = sourcecode.swift; path = StoreBootstrapTests.swift; sourceTree = "<group>"; };
		B30000000000000000000005 /* StoreRecoveryView.swift */ = {isa = PBXFileReference; lastKnownFileType = sourcecode.swift; path = StoreRecoveryView.swift; sourceTree = "<group>"; };
		B30000000000000000000006 /* StoreBootstrapEnvironment.swift */ = {isa = PBXFileReference; lastKnownFileType = sourcecode.swift; path = StoreBootstrapEnvironment.swift; sourceTree = "<group>"; };
		B30000000000000000000007 /* BackupImportReader.swift */ = {isa = PBXFileReference; lastKnownFileType = sourcecode.swift; path = BackupImportReader.swift; sourceTree = "<group>"; };
		7C70F41E3070297A0089CDBC /* VersionedSchemaV1.swift */ = {isa = PBXFileReference; lastKnownFileType = sourcecode.swift; path = VersionedSchemaV1.swift; sourceTree = "<group>"; };
		7C70F421307029DC0089CDBC /* PersistenceModelTests.swift */ = {isa = PBXFileReference; lastKnownFileType = sourcecode.swift; path = PersistenceModelTests.swift; sourceTree = "<group>"; };
		7C70F42330702A5B0089CDBC /* FoodDecisionAssistantTests.xctest */ = {isa = PBXFileReference; explicitFileType = wrapper.cfbundle; includeInIndex = 0; path = FoodDecisionAssistantTests.xctest; sourceTree = BUILT_PRODUCTS_DIR; };
		B10000000000000000000001 /* SeedFoodCatalog.swift */ = {isa = PBXFileReference; lastKnownFileType = sourcecode.swift; path = SeedFoodCatalog.swift; sourceTree = "<group>"; };
		B10000000000000000000002 /* MealEntryView.swift */ = {isa = PBXFileReference; lastKnownFileType = sourcecode.swift; path = MealEntryView.swift; sourceTree = "<group>"; };
		B10000000000000000000003 /* TodayStatusCard.swift */ = {isa = PBXFileReference; lastKnownFileType = sourcecode.swift; path = TodayStatusCard.swift; sourceTree = "<group>"; };
		B10000000000000000000004 /* EnergyProgressRing.swift */ = {isa = PBXFileReference; lastKnownFileType = sourcecode.swift; path = EnergyProgressRing.swift; sourceTree = "<group>"; };
		B10000000000000000000005 /* NutritionProgressRow.swift */ = {isa = PBXFileReference; lastKnownFileType = sourcecode.swift; path = NutritionProgressRow.swift; sourceTree = "<group>"; };
		B10000000000000000000006 /* MealHistoryView.swift */ = {isa = PBXFileReference; lastKnownFileType = sourcecode.swift; path = MealHistoryView.swift; sourceTree = "<group>"; };
		B10000000000000000000007 /* MealTemplatePersistence.swift */ = {isa = PBXFileReference; lastKnownFileType = sourcecode.swift; path = MealTemplatePersistence.swift; sourceTree = "<group>"; };
		B10000000000000000000008 /* MealStartView.swift */ = {isa = PBXFileReference; lastKnownFileType = sourcecode.swift; path = MealStartView.swift; sourceTree = "<group>"; };
		B10000000000000000000009 /* MealTemplateEditorView.swift */ = {isa = PBXFileReference; lastKnownFileType = sourcecode.swift; path = MealTemplateEditorView.swift; sourceTree = "<group>"; };
		B1000000000000000000000A /* MealTemplateManagerView.swift */ = {isa = PBXFileReference; lastKnownFileType = sourcecode.swift; path = MealTemplateManagerView.swift; sourceTree = "<group>"; };
		B20000000000000000000001 /* LocalStoreBackup.swift */ = {isa = PBXFileReference; lastKnownFileType = sourcecode.swift; path = LocalStoreBackup.swift; sourceTree = "<group>"; };
		B20000000000000000000002 /* BackupFileDocument.swift */ = {isa = PBXFileReference; lastKnownFileType = sourcecode.swift; path = BackupFileDocument.swift; sourceTree = "<group>"; };
		B20000000000000000000003 /* BackupManagementView.swift */ = {isa = PBXFileReference; lastKnownFileType = sourcecode.swift; path = BackupManagementView.swift; sourceTree = "<group>"; };
		B20000000000000000000004 /* BackupServiceTests.swift */ = {isa = PBXFileReference; lastKnownFileType = sourcecode.swift; path = BackupServiceTests.swift; sourceTree = "<group>"; };
		B20000000000000000000005 /* LocalStoreBackupService.swift */ = {isa = PBXFileReference; lastKnownFileType = sourcecode.swift; path = LocalStoreBackupService.swift; sourceTree = "<group>"; };
		B20000000000000000000006 /* LocalStoreBackupRestoration.swift */ = {isa = PBXFileReference; lastKnownFileType = sourcecode.swift; path = LocalStoreBackupRestoration.swift; sourceTree = "<group>"; };
		B00000000000000000000001 /* FoodDecisionAssistantApp.swift */ = {isa = PBXFileReference; lastKnownFileType = sourcecode.swift; path = FoodDecisionAssistantApp.swift; sourceTree = "<group>"; };
		B00000000000000000000002 /* ContentView.swift */ = {isa = PBXFileReference; lastKnownFileType = sourcecode.swift; path = ContentView.swift; sourceTree = "<group>"; };
		B00000000000000000000003 /* ShiHeng.app */ = {isa = PBXFileReference; explicitFileType = wrapper.application; includeInIndex = 0; path = ShiHeng.app; sourceTree = BUILT_PRODUCTS_DIR; };
		B00000000000000000000004 /* FoodDecisionAssistant.entitlements */ = {isa = PBXFileReference; lastKnownFileType = text.plist.entitlements; path = FoodDecisionAssistant.entitlements; sourceTree = "<group>"; };
/* End PBXFileReference section */

/* Begin PBXFrameworksBuildPhase section */
		CF0000000000000000000002 /* Frameworks */ = {isa = PBXFrameworksBuildPhase; buildActionMask = 2147483647; files = (); runOnlyForDeploymentPostprocessing = 0; };
		7C70F42730702A5B0089CDBC /* Frameworks */ = {
			isa = PBXFrameworksBuildPhase;
			buildActionMask = 2147483647;
			files = (
				7C70F42D30702A5B0089CDBC /* FoodDecisionCore in Frameworks */,
			);
			runOnlyForDeploymentPostprocessing = 0;
		};
		C00000000000000000000001 /* Frameworks */ = {
			isa = PBXFrameworksBuildPhase;
			buildActionMask = 2147483647;
			files = (
				A00000000000000000000003 /* FoodDecisionCore in Frameworks */,
			);
			runOnlyForDeploymentPostprocessing = 0;
		};
/* End PBXFrameworksBuildPhase section */

/* Begin PBXGroup section */
		DF0000000000000000000001 /* FoodDecisionAssistantUITests */ = {
			isa = PBXGroup;
			children = (BF0000000000000000000001 /* NativeNavigationUITests.swift */,);
			path = FoodDecisionAssistantUITests;
			sourceTree = "<group>";
		};
		C80000000000000000000001 /* Persistence */ = {
			isa = PBXGroup;
			children = (
				B80000000000000000000002 /* LocalStorePathValidatorTests.swift */,
			);
			path = Persistence;
			sourceTree = "<group>";
		};
		7C70F41D3070297A0089CDBC /* Persistence */ = {
			isa = PBXGroup;
			children = (
				7C70F41E3070297A0089CDBC /* VersionedSchemaV1.swift */,
				B10000000000000000000001 /* SeedFoodCatalog.swift */,
				B10000000000000000000007 /* MealTemplatePersistence.swift */,
				B20000000000000000000001 /* LocalStoreBackup.swift */,
				B20000000000000000000005 /* LocalStoreBackupService.swift */,
				B20000000000000000000006 /* LocalStoreBackupRestoration.swift */,
				B30000000000000000000001 /* LocalStoreBootstrap.swift */,
				B80000000000000000000001 /* LocalStorePathValidator.swift */,
				B30000000000000000000002 /* StoreSchemaCompatibility.swift */,
				B30000000000000000000003 /* ShiHengMigrationPlan.swift */,
				B50000000000000000000002 /* GoalSaveCommand.swift */,
			);
			path = Persistence;
			sourceTree = "<group>";
		};
		7C70F420307029DC0089CDBC /* FoodDecisionAssistantTests */ = {
			isa = PBXGroup;
			children = (
				BG0000000000000000000003 /* NativeMealEntryPreviewTests.swift */,
				BH0000000000000000000003 /* InlineMealPresentationTests.swift */,
				BE0000000000000000000007 /* NativeNavigationTests.swift */,
				BC0000000000000000000003 /* BrandLocalizationTests.swift */,
				BB0000000000000000000009 /* EnergyRingPresentationTests.swift */,
				BB000000000000000000000A /* UI1NativePreviewTests.swift */,
				BA0000000000000000000004 /* FormDismissalGuardTests.swift */,
				BA0000000000000000000005 /* MealFormComponentDraftTests.swift */,
				B90000000000000000000006 /* TodayMealSummaryTests.swift */,
				B90000000000000000000002 /* TodayDateContextTests.swift */,
				B90000000000000000000005 /* MealIntakeAvailabilityTests.swift */,
				C80000000000000000000001 /* Persistence */,
				7C70F421307029DC0089CDBC /* PersistenceModelTests.swift */,
				B20000000000000000000004 /* BackupServiceTests.swift */,
				B30000000000000000000004 /* StoreBootstrapTests.swift */,
				B30000000000000000000008 /* BackupImportReaderTests.swift */,
				B40000000000000000000002 /* MealReadValidationTests.swift */,
				B40000000000000000000003 /* DomainBoundaryPersistenceTests.swift */,
				B50000000000000000000003 /* GoalSaveCommandTests.swift */,
				B60000000000000000000002 /* NutritionProgressPresentationTests.swift */,
				B70000000000000000000002 /* FibreSummaryIntegrationTests.swift */,
			);
			path = FoodDecisionAssistantTests;
			sourceTree = "<group>";
		};
		D00000000000000000000001 = {
			isa = PBXGroup;
			children = (
				DF0000000000000000000001 /* FoodDecisionAssistantUITests */,
				D00000000000000000000002 /* FoodDecisionAssistant */,
				D00000000000000000000004 /* Products */,
				7C70F420307029DC0089CDBC /* FoodDecisionAssistantTests */,
			);
			sourceTree = "<group>";
		};
		D00000000000000000000002 /* FoodDecisionAssistant */ = {
			isa = PBXGroup;
			children = (
				BD0000000000000000000001 /* Evenfare.icon */,
				DC0000000000000000000001 /* InfoPlist.strings */,
				BB0000000000000000000008 /* Assets.xcassets */,
				D00000000000000000000003 /* App */,
				B00000000000000000000004 /* FoodDecisionAssistant.entitlements */,
				7C70F41D3070297A0089CDBC /* Persistence */,
			);
			path = FoodDecisionAssistant;
			sourceTree = "<group>";
		};
		D00000000000000000000003 /* App */ = {
			isa = PBXGroup;
			children = (
				BG0000000000000000000001 /* TodayMealEntryButton.swift */,
				BG0000000000000000000002 /* NativeMealEntryPreviews.swift */,
				BG0000000000000000000004 /* NativeFoodMenuRow.swift */,
				BH0000000000000000000001 /* MealExpandableRow.swift */,
				BH0000000000000000000002 /* NativeInlineMealPreviews.swift */,
				BE0000000000000000000001 /* AppTab.swift */,
				BE0000000000000000000002 /* TodayView.swift */,
				BE0000000000000000000003 /* LabelScannerView.swift */,
				BE0000000000000000000004 /* NutritionCalendarView.swift */,
				BE0000000000000000000005 /* SettingsView.swift */,
				BE0000000000000000000006 /* NativeShellPreviews.swift */,
				BB0000000000000000000001 /* DesignTokens.swift */,
				BB0000000000000000000002 /* EnergyRingArc.swift */,
				BB0000000000000000000003 /* EnergyRingEndpoint.swift */,
				BB0000000000000000000004 /* EnergyRingPresentation.swift */,
				BB0000000000000000000005 /* EnergyRingValue.swift */,
				BB0000000000000000000006 /* TodayStatusPreview.swift */,
				BB0000000000000000000007 /* UI1PreviewScenario.swift */,
				BA0000000000000000000001 /* FormDismissalGuard.swift */,
				BA0000000000000000000002 /* FormDraftSnapshot.swift */,
				BA0000000000000000000003 /* MealFormComponentDraft.swift */,
				B90000000000000000000001 /* TodayDateContext.swift */,
				B90000000000000000000003 /* MealIntakeAvailability.swift */,
				B90000000000000000000004 /* EmptyIntakeSummaryView.swift */,
				B00000000000000000000001 /* FoodDecisionAssistantApp.swift */,
				B00000000000000000000002 /* ContentView.swift */,
				B10000000000000000000002 /* MealEntryView.swift */,
				B10000000000000000000003 /* TodayStatusCard.swift */,
				B10000000000000000000004 /* EnergyProgressRing.swift */,
				B10000000000000000000005 /* NutritionProgressRow.swift */,
				B10000000000000000000006 /* MealHistoryView.swift */,
				B10000000000000000000008 /* MealStartView.swift */,
				B10000000000000000000009 /* MealTemplateEditorView.swift */,
				B1000000000000000000000A /* MealTemplateManagerView.swift */,
				B20000000000000000000002 /* BackupFileDocument.swift */,
				B20000000000000000000003 /* BackupManagementView.swift */,
				B30000000000000000000005 /* StoreRecoveryView.swift */,
				B30000000000000000000006 /* StoreBootstrapEnvironment.swift */,
				B30000000000000000000007 /* BackupImportReader.swift */,
				B40000000000000000000001 /* MealReadValidation.swift */,
				B50000000000000000000001 /* GoalSettingsView.swift */,
				B60000000000000000000001 /* NutritionProgressPresentation.swift */,
				B70000000000000000000001 /* FibreSummaryRow.swift */,
			);
			path = App;
			sourceTree = "<group>";
		};
		D00000000000000000000004 /* Products */ = {
			isa = PBXGroup;
			children = (
				BF0000000000000000000002 /* FoodDecisionAssistantUITests.xctest */,
				B00000000000000000000003 /* ShiHeng.app */,
				7C70F42330702A5B0089CDBC /* FoodDecisionAssistantTests.xctest */,
			);
			name = Products;
			sourceTree = "<group>";
		};
/* End PBXGroup section */

/* Begin PBXNativeTarget section */
		EF0000000000000000000001 /* FoodDecisionAssistantUITests */ = {
			isa = PBXNativeTarget;
			buildConfigurationList = EF0000000000000000000002;
			buildPhases = (CF0000000000000000000003 /* Sources */, CF0000000000000000000002 /* Frameworks */, CF0000000000000000000004 /* Resources */,);
			buildRules = ();
			dependencies = (CF0000000000000000000005 /* PBXTargetDependency */,);
			name = FoodDecisionAssistantUITests;
			productName = FoodDecisionAssistantUITests;
			productReference = BF0000000000000000000002 /* FoodDecisionAssistantUITests.xctest */;
			productType = "com.apple.product-type.bundle.ui-testing";
		};
		7C70F42930702A5B0089CDBC /* FoodDecisionAssistantTests */ = {
			isa = PBXNativeTarget;
			buildConfigurationList = 7C70F42A30702A5B0089CDBC /* Build configuration list for PBXNativeTarget "FoodDecisionAssistantTests" */;
			buildPhases = (
				7C70F42630702A5B0089CDBC /* Sources */,
				7C70F42730702A5B0089CDBC /* Frameworks */,
				7C70F42830702A5B0089CDBC /* Resources */,
			);
			buildRules = (
			);
			dependencies = (
				7C70F42530702A5B0089CDBC /* PBXTargetDependency */,
			);
			name = FoodDecisionAssistantTests;
			packageProductDependencies = (
				F00000000000000000000005 /* FoodDecisionCore */,
			);
			productName = FoodDecisionAssistantTests;
			productReference = 7C70F42330702A5B0089CDBC /* FoodDecisionAssistantTests.xctest */;
			productType = "com.apple.product-type.bundle.unit-test";
		};
		E00000000000000000000001 /* FoodDecisionAssistant */ = {
			isa = PBXNativeTarget;
			buildConfigurationList = E00000000000000000000002 /* Build configuration list for PBXNativeTarget "FoodDecisionAssistant" */;
			buildPhases = (
				C00000000000000000000002 /* Sources */,
				C00000000000000000000001 /* Frameworks */,
				C00000000000000000000003 /* Resources */,
			);
			buildRules = (
			);
			dependencies = (
			);
			name = FoodDecisionAssistant;
			packageProductDependencies = (
				F00000000000000000000002 /* FoodDecisionCore */,
			);
			productName = ShiHeng;
			productReference = B00000000000000000000003 /* ShiHeng.app */;
			productType = "com.apple.product-type.application";
		};
/* End PBXNativeTarget section */

/* Begin PBXProject section */
		F00000000000000000000001 /* Project object */ = {
			isa = PBXProject;
			attributes = {
				BuildIndependentTargetsInParallel = 1;
				LastSwiftUpdateCheck = 2700;
				LastUpgradeCheck = 2700;
				TargetAttributes = {
					EF0000000000000000000001 = {
						CreatedOnToolsVersion = 27.0;
						TestTargetID = E00000000000000000000001;
					};
					7C70F42930702A5B0089CDBC = {
						CreatedOnToolsVersion = 27.0;
						TestTargetID = E00000000000000000000001;
					};
					E00000000000000000000001 = {
						CreatedOnToolsVersion = 27.0;
					};
				};
			};
			buildConfigurationList = F00000000000000000000003 /* Build configuration list for PBXProject "FoodDecisionAssistant" */;
			compatibilityVersion = "Xcode 16.0";
			developmentRegion = en;
			hasScannedForEncodings = 0;
			knownRegions = (
				en,
				"zh-Hans",
				Base,
			);
			mainGroup = D00000000000000000000001;
			packageReferences = (
				F00000000000000000000004 /* XCLocalSwiftPackageReference "Packages/FoodDecisionCore" */,
			);
			productRefGroup = D00000000000000000000004 /* Products */;
			projectDirPath = "";
			projectRoot = "";
			targets = (
				EF0000000000000000000001 /* FoodDecisionAssistantUITests */,
				E00000000000000000000001 /* FoodDecisionAssistant */,
				7C70F42930702A5B0089CDBC /* FoodDecisionAssistantTests */,
			);
		};
/* End PBXProject section */

/* Begin PBXResourcesBuildPhase section */
		CF0000000000000000000004 /* Resources */ = {isa = PBXResourcesBuildPhase; buildActionMask = 2147483647; files = (); runOnlyForDeploymentPostprocessing = 0; };
		7C70F42830702A5B0089CDBC /* Resources */ = {
			isa = PBXResourcesBuildPhase;
			buildActionMask = 2147483647;
			files = (
			);
			runOnlyForDeploymentPostprocessing = 0;
		};
		C00000000000000000000003 /* Resources */ = {
			isa = PBXResourcesBuildPhase;
			buildActionMask = 2147483647;
			files = (
				AD0000000000000000000001 /* Evenfare.icon in Resources */,
				AC0000000000000000000001 /* InfoPlist.strings in Resources */,
				AB0000000000000000000008 /* Assets.xcassets in Resources */,
			);
			runOnlyForDeploymentPostprocessing = 0;
		};
/* End PBXResourcesBuildPhase section */

/* Begin PBXSourcesBuildPhase section */
		CF0000000000000000000003 /* Sources */ = {isa = PBXSourcesBuildPhase; buildActionMask = 2147483647; files = (AF0000000000000000000001 /* NativeNavigationUITests.swift in Sources */,); runOnlyForDeploymentPostprocessing = 0; };
		7C70F42630702A5B0089CDBC /* Sources */ = {
			isa = PBXSourcesBuildPhase;
			buildActionMask = 2147483647;
			files = (
				AG0000000000000000000003 /* NativeMealEntryPreviewTests.swift in Sources */,
				AH0000000000000000000003 /* InlineMealPresentationTests.swift in Sources */,
				AE0000000000000000000007 /* NativeNavigationTests.swift in Sources */,
				AC0000000000000000000002 /* BrandLocalizationTests.swift in Sources */,
				AB0000000000000000000009 /* EnergyRingPresentationTests.swift in Sources */,
				AB000000000000000000000A /* UI1NativePreviewTests.swift in Sources */,
				AA0000000000000000000004 /* FormDismissalGuardTests.swift in Sources */,
				AA0000000000000000000005 /* MealFormComponentDraftTests.swift in Sources */,
				A90000000000000000000006 /* TodayMealSummaryTests.swift in Sources */,
				A90000000000000000000002 /* TodayDateContextTests.swift in Sources */,
				A90000000000000000000005 /* MealIntakeAvailabilityTests.swift in Sources */,
				7C70F42230702A5B0089CDBC /* PersistenceModelTests.swift in Sources */,
				A20000000000000000000004 /* BackupServiceTests.swift in Sources */,
				A30000000000000000000004 /* StoreBootstrapTests.swift in Sources */,
				A80000000000000000000002 /* LocalStorePathValidatorTests.swift in Sources */,
				A30000000000000000000008 /* BackupImportReaderTests.swift in Sources */,
				A40000000000000000000002 /* MealReadValidationTests.swift in Sources */,
				A40000000000000000000003 /* DomainBoundaryPersistenceTests.swift in Sources */,
				A50000000000000000000003 /* GoalSaveCommandTests.swift in Sources */,
				A60000000000000000000002 /* NutritionProgressPresentationTests.swift in Sources */,
				A70000000000000000000002 /* FibreSummaryIntegrationTests.swift in Sources */,
			);
			runOnlyForDeploymentPostprocessing = 0;
		};
		C00000000000000000000002 /* Sources */ = {
			isa = PBXSourcesBuildPhase;
			buildActionMask = 2147483647;
			files = (
				AG0000000000000000000001 /* TodayMealEntryButton.swift in Sources */,
				AG0000000000000000000002 /* NativeMealEntryPreviews.swift in Sources */,
				AG0000000000000000000004 /* NativeFoodMenuRow.swift in Sources */,
				AH0000000000000000000001 /* MealExpandableRow.swift in Sources */,
				AH0000000000000000000002 /* NativeInlineMealPreviews.swift in Sources */,
				AE0000000000000000000001 /* AppTab.swift in Sources */,
				AE0000000000000000000002 /* TodayView.swift in Sources */,
				AE0000000000000000000003 /* LabelScannerView.swift in Sources */,
				AE0000000000000000000004 /* NutritionCalendarView.swift in Sources */,
				AE0000000000000000000005 /* SettingsView.swift in Sources */,
				AE0000000000000000000006 /* NativeShellPreviews.swift in Sources */,
				AB0000000000000000000001 /* DesignTokens.swift in Sources */,
				AB0000000000000000000002 /* EnergyRingArc.swift in Sources */,
				AB0000000000000000000003 /* EnergyRingEndpoint.swift in Sources */,
				AB0000000000000000000004 /* EnergyRingPresentation.swift in Sources */,
				AB0000000000000000000005 /* EnergyRingValue.swift in Sources */,
				AB0000000000000000000006 /* TodayStatusPreview.swift in Sources */,
				AB0000000000000000000007 /* UI1PreviewScenario.swift in Sources */,
				AA0000000000000000000001 /* FormDismissalGuard.swift in Sources */,
				AA0000000000000000000002 /* FormDraftSnapshot.swift in Sources */,
				AA0000000000000000000003 /* MealFormComponentDraft.swift in Sources */,
				A90000000000000000000001 /* TodayDateContext.swift in Sources */,
				A90000000000000000000003 /* MealIntakeAvailability.swift in Sources */,
				A90000000000000000000004 /* EmptyIntakeSummaryView.swift in Sources */,
				A00000000000000000000001 /* FoodDecisionAssistantApp.swift in Sources */,
				A00000000000000000000002 /* ContentView.swift in Sources */,
				A40000000000000000000001 /* MealReadValidation.swift in Sources */,
				A50000000000000000000001 /* GoalSettingsView.swift in Sources */,
				A50000000000000000000002 /* GoalSaveCommand.swift in Sources */,
				A60000000000000000000001 /* NutritionProgressPresentation.swift in Sources */,
				A70000000000000000000001 /* FibreSummaryRow.swift in Sources */,
				7C70F41F3070297A0089CDBC /* VersionedSchemaV1.swift in Sources */,
				A10000000000000000000001 /* SeedFoodCatalog.swift in Sources */,
				A10000000000000000000002 /* MealEntryView.swift in Sources */,
				A10000000000000000000003 /* TodayStatusCard.swift in Sources */,
				A10000000000000000000004 /* EnergyProgressRing.swift in Sources */,
				A10000000000000000000005 /* NutritionProgressRow.swift in Sources */,
				A10000000000000000000006 /* MealHistoryView.swift in Sources */,
				A10000000000000000000007 /* MealTemplatePersistence.swift in Sources */,
				A10000000000000000000008 /* MealStartView.swift in Sources */,
				A10000000000000000000009 /* MealTemplateEditorView.swift in Sources */,
				A1000000000000000000000A /* MealTemplateManagerView.swift in Sources */,
				A20000000000000000000001 /* LocalStoreBackup.swift in Sources */,
				A20000000000000000000005 /* LocalStoreBackupService.swift in Sources */,
				A20000000000000000000006 /* LocalStoreBackupRestoration.swift in Sources */,
				A30000000000000000000001 /* LocalStoreBootstrap.swift in Sources */,
				A80000000000000000000001 /* LocalStorePathValidator.swift in Sources */,
				A30000000000000000000002 /* StoreSchemaCompatibility.swift in Sources */,
				A30000000000000000000003 /* ShiHengMigrationPlan.swift in Sources */,
				A30000000000000000000005 /* StoreRecoveryView.swift in Sources */,
				A30000000000000000000006 /* StoreBootstrapEnvironment.swift in Sources */,
				A30000000000000000000007 /* BackupImportReader.swift in Sources */,
				A20000000000000000000002 /* BackupFileDocument.swift in Sources */,
				A20000000000000000000003 /* BackupManagementView.swift in Sources */,
			);
			runOnlyForDeploymentPostprocessing = 0;
		};
/* End PBXSourcesBuildPhase section */

/* Begin PBXTargetDependency section */
		CF0000000000000000000005 /* PBXTargetDependency */ = {isa = PBXTargetDependency; target = E00000000000000000000001 /* FoodDecisionAssistant */; targetProxy = CF0000000000000000000001 /* PBXContainerItemProxy */; };
		7C70F42530702A5B0089CDBC /* PBXTargetDependency */ = {
			isa = PBXTargetDependency;
			target = E00000000000000000000001 /* FoodDecisionAssistant */;
			targetProxy = 7C70F42430702A5B0089CDBC /* PBXContainerItemProxy */;
		};
/* End PBXTargetDependency section */

/* Begin PBXVariantGroup section */
		DC0000000000000000000001 /* InfoPlist.strings */ = {
			isa = PBXVariantGroup;
			children = (
				BC0000000000000000000001 /* en */,
				BC0000000000000000000002 /* zh-Hans */,
			);
			name = InfoPlist.strings;
			sourceTree = "<group>";
		};
/* End PBXVariantGroup section */

/* Begin XCBuildConfiguration section */
		1F0000000000000000000001 /* Debug */ = {
			isa = XCBuildConfiguration;
			buildSettings = {
				CODE_SIGN_STYLE = Automatic;
				GENERATE_INFOPLIST_FILE = YES;
				IPHONEOS_DEPLOYMENT_TARGET = 26.0;
				PRODUCT_BUNDLE_IDENTIFIER = com.ning6y6.ShiHengUITests;
				PRODUCT_NAME = "$(TARGET_NAME)";
				SWIFT_EMIT_LOC_STRINGS = NO;
				SWIFT_VERSION = 6.0;
				TARGETED_DEVICE_FAMILY = 1;
				TEST_TARGET_NAME = FoodDecisionAssistant;
			};
			name = Debug;
		};
		1F0000000000000000000002 /* Release */ = {
			isa = XCBuildConfiguration;
			buildSettings = {
				CODE_SIGN_STYLE = Automatic;
				GENERATE_INFOPLIST_FILE = YES;
				IPHONEOS_DEPLOYMENT_TARGET = 26.0;
				PRODUCT_BUNDLE_IDENTIFIER = com.ning6y6.ShiHengUITests;
				PRODUCT_NAME = "$(TARGET_NAME)";
				SWIFT_EMIT_LOC_STRINGS = NO;
				SWIFT_VERSION = 6.0;
				TARGETED_DEVICE_FAMILY = 1;
				TEST_TARGET_NAME = FoodDecisionAssistant;
			};
			name = Release;
		};
		100000000000000000000001 /* Debug */ = {
			isa = XCBuildConfiguration;
			buildSettings = {
				CLANG_ENABLE_MODULES = YES;
				ENABLE_TESTABILITY = YES;
				IPHONEOS_DEPLOYMENT_TARGET = 26.0;
				ONLY_ACTIVE_ARCH = YES;
				SDKROOT = iphoneos;
				SWIFT_ACTIVE_COMPILATION_CONDITIONS = "DEBUG $(inherited)";
				SWIFT_OPTIMIZATION_LEVEL = "-Onone";
			};
			name = Debug;
		};
		100000000000000000000002 /* Release */ = {
			isa = XCBuildConfiguration;
			buildSettings = {
				CLANG_ENABLE_MODULES = YES;
				IPHONEOS_DEPLOYMENT_TARGET = 26.0;
				SDKROOT = iphoneos;
				SWIFT_COMPILATION_MODE = wholemodule;
				SWIFT_OPTIMIZATION_LEVEL = "-O";
			};
			name = Release;
		};
		100000000000000000000003 /* Debug */ = {
			isa = XCBuildConfiguration;
			buildSettings = {
				ASSETCATALOG_COMPILER_APPICON_NAME = Evenfare;
				CODE_SIGN_ENTITLEMENTS = FoodDecisionAssistant/FoodDecisionAssistant.entitlements;
				CODE_SIGN_STYLE = Automatic;
				CURRENT_PROJECT_VERSION = 1;
				DEVELOPMENT_TEAM = 4QJUB83P5N;
				GENERATE_INFOPLIST_FILE = YES;
				INFOPLIST_KEY_CFBundleDisplayName = "Evenfare";
				INFOPLIST_KEY_UILaunchScreen_Generation = YES;
				INFOPLIST_KEY_NSHealthShareUsageDescription = "读取步数、活动能量和训练，用于调整每日饮食目标。";
				INFOPLIST_KEY_NSHealthUpdateUsageDescription = "写入餐食的热量、三大营养素、饱和脂肪和纤维。";
				LD_RUNPATH_SEARCH_PATHS = (
					"$(inherited)",
					"@executable_path/Frameworks",
				);
				MARKETING_VERSION = 0.1.0;
				PRODUCT_BUNDLE_IDENTIFIER = com.ning6y6.ShiHeng;
				PRODUCT_MODULE_NAME = FoodDecisionAssistant;
				PRODUCT_NAME = ShiHeng;
				SUPPORTED_PLATFORMS = "iphoneos iphonesimulator";
				SUPPORTS_MACCATALYST = NO;
				SWIFT_EMIT_LOC_STRINGS = YES;
				SWIFT_VERSION = 6.0;
				TARGETED_DEVICE_FAMILY = 1;
			};
			name = Debug;
		};
		100000000000000000000004 /* Release */ = {
			isa = XCBuildConfiguration;
			buildSettings = {
				ASSETCATALOG_COMPILER_APPICON_NAME = Evenfare;
				CODE_SIGN_ENTITLEMENTS = FoodDecisionAssistant/FoodDecisionAssistant.entitlements;
				CODE_SIGN_STYLE = Automatic;
				CURRENT_PROJECT_VERSION = 1;
				DEVELOPMENT_TEAM = 4QJUB83P5N;
				GENERATE_INFOPLIST_FILE = YES;
				INFOPLIST_KEY_CFBundleDisplayName = "Evenfare";
				INFOPLIST_KEY_UILaunchScreen_Generation = YES;
				INFOPLIST_KEY_NSHealthShareUsageDescription = "读取步数、活动能量和训练，用于调整每日饮食目标。";
				INFOPLIST_KEY_NSHealthUpdateUsageDescription = "写入餐食的热量、三大营养素、饱和脂肪和纤维。";
				LD_RUNPATH_SEARCH_PATHS = (
					"$(inherited)",
					"@executable_path/Frameworks",
				);
				MARKETING_VERSION = 0.1.0;
				PRODUCT_BUNDLE_IDENTIFIER = com.ning6y6.ShiHeng;
				PRODUCT_MODULE_NAME = FoodDecisionAssistant;
				PRODUCT_NAME = ShiHeng;
				SUPPORTED_PLATFORMS = "iphoneos iphonesimulator";
				SUPPORTS_MACCATALYST = NO;
				SWIFT_EMIT_LOC_STRINGS = YES;
				SWIFT_VERSION = 6.0;
				TARGETED_DEVICE_FAMILY = 1;
			};
			name = Release;
		};
		7C70F42B30702A5B0089CDBC /* Debug */ = {
			isa = XCBuildConfiguration;
			buildSettings = {
				BUNDLE_LOADER = "$(TEST_HOST)";
				CODE_SIGN_STYLE = Automatic;
				CURRENT_PROJECT_VERSION = 1;
				GENERATE_INFOPLIST_FILE = YES;
				IPHONEOS_DEPLOYMENT_TARGET = 26.0;
				MARKETING_VERSION = 1.0;
				PRODUCT_BUNDLE_IDENTIFIER = com.ning6y6.ShiHengTests;
				PRODUCT_NAME = "$(TARGET_NAME)";
				SWIFT_EMIT_LOC_STRINGS = NO;
				SWIFT_VERSION = 6.0;
				TARGETED_DEVICE_FAMILY = 1;
				TEST_HOST = "$(BUILT_PRODUCTS_DIR)/ShiHeng.app/$(BUNDLE_EXECUTABLE_FOLDER_PATH)/ShiHeng";
			};
			name = Debug;
		};
		7C70F42C30702A5B0089CDBC /* Release */ = {
			isa = XCBuildConfiguration;
			buildSettings = {
				BUNDLE_LOADER = "$(TEST_HOST)";
				CODE_SIGN_STYLE = Automatic;
				CURRENT_PROJECT_VERSION = 1;
				GENERATE_INFOPLIST_FILE = YES;
				IPHONEOS_DEPLOYMENT_TARGET = 26.0;
				MARKETING_VERSION = 1.0;
				PRODUCT_BUNDLE_IDENTIFIER = com.ning6y6.ShiHengTests;
				PRODUCT_NAME = "$(TARGET_NAME)";
				SWIFT_EMIT_LOC_STRINGS = NO;
				SWIFT_VERSION = 6.0;
				TARGETED_DEVICE_FAMILY = 1;
				TEST_HOST = "$(BUILT_PRODUCTS_DIR)/ShiHeng.app/$(BUNDLE_EXECUTABLE_FOLDER_PATH)/ShiHeng";
			};
			name = Release;
		};
/* End XCBuildConfiguration section */

/* Begin XCConfigurationList section */
		EF0000000000000000000002 /* Build configuration list for PBXNativeTarget "FoodDecisionAssistantUITests" */ = {
			isa = XCConfigurationList;
			buildConfigurations = (1F0000000000000000000001 /* Debug */, 1F0000000000000000000002 /* Release */,);
			defaultConfigurationIsVisible = 0;
			defaultConfigurationName = Release;
		};
		7C70F42A30702A5B0089CDBC /* Build configuration list for PBXNativeTarget "FoodDecisionAssistantTests" */ = {
			isa = XCConfigurationList;
			buildConfigurations = (
				7C70F42B30702A5B0089CDBC /* Debug */,
				7C70F42C30702A5B0089CDBC /* Release */,
			);
			defaultConfigurationIsVisible = 0;
			defaultConfigurationName = Release;
		};
		E00000000000000000000002 /* Build configuration list for PBXNativeTarget "FoodDecisionAssistant" */ = {
			isa = XCConfigurationList;
			buildConfigurations = (
				100000000000000000000003 /* Debug */,
				100000000000000000000004 /* Release */,
			);
			defaultConfigurationIsVisible = 0;
			defaultConfigurationName = Release;
		};
		F00000000000000000000003 /* Build configuration list for PBXProject "FoodDecisionAssistant" */ = {
			isa = XCConfigurationList;
			buildConfigurations = (
				100000000000000000000001 /* Debug */,
				100000000000000000000002 /* Release */,
			);
			defaultConfigurationIsVisible = 0;
			defaultConfigurationName = Release;
		};
/* End XCConfigurationList section */

/* Begin XCLocalSwiftPackageReference section */
		F00000000000000000000004 /* XCLocalSwiftPackageReference "Packages/FoodDecisionCore" */ = {
			isa = XCLocalSwiftPackageReference;
			relativePath = Packages/FoodDecisionCore;
		};
/* End XCLocalSwiftPackageReference section */

/* Begin XCSwiftPackageProductDependency section */
		F00000000000000000000002 /* FoodDecisionCore */ = {
			isa = XCSwiftPackageProductDependency;
			package = F00000000000000000000004 /* XCLocalSwiftPackageReference "Packages/FoodDecisionCore" */;
			productName = FoodDecisionCore;
		};
		F00000000000000000000005 /* FoodDecisionCore */ = {
			isa = XCSwiftPackageProductDependency;
			package = F00000000000000000000004 /* XCLocalSwiftPackageReference "Packages/FoodDecisionCore" */;
			productName = FoodDecisionCore;
		};
/* End XCSwiftPackageProductDependency section */
	};
	rootObject = F00000000000000000000001 /* Project object */;
}
